
Microsoft Visual Studio Solution File, Format Version 12.00
# Visual Studio Version 17
VisualStudioVersion = 17.7.34221.43
MinimumVisualStudioVersion = 10.0.40219.1
Project("{9A19103F-16F7-4668-BE54-9A1E7A4F7556}") = "IteratorPattern", "IteratorPattern\IteratorPattern.csproj", "{3E617B6D-9B7F-40E9-9773-E42F830E4E28}"
EndProject
Global
	GlobalSection(SolutionConfigurationPlatforms) = preSolution
		Debug|Any CPU = Debug|Any CPU
		Debug|x86 = Debug|x86
		Release|Any CPU = Release|Any CPU
		Release|x86 = Release|x86
	EndGlobalSection
	GlobalSection(ProjectConfigurationPlatforms) = postSolution
		{3E617B6D-9B7F-40E9-9773-E42F830E4E28}.Debug|Any CPU.ActiveCfg = Debug|Any CPU
		{3E617B6D-9B7F-40E9-9773-E42F830E4E28}.Debug|Any CPU.Build.0 = Debug|Any CPU
		{3E617B6D-9B7F-40E9-9773-E42F830E4E28}.Debug|x86.ActiveCfg = Debug|Any CPU
		{3E617B6D-9B7F-40E9-9773-E42F830E4E28}.Debug|x86.Build.0 = Debug|Any CPU
		{3E617B6D-9B7F-40E9-9773-E42F830E4E28}.Release|Any CPU.ActiveCfg = Release|Any CPU
		{3E617B6D-9B7F-40E9-9773-E42F830E4E28}.Release|Any CPU.Build.0 = Release|Any CPU
		{3E617B6D-9B7F-40E9-9773-E42F830E4E28}.Release|x86.ActiveCfg = Release|x86
		{3E617B6D-9B7F-40E9-9773-E42F830E4E28}.Release|x86.Build.0 = Release|x86
	EndGlobalSection
	GlobalSection(SolutionProperties) = preSolution
		HideSolutionNode = FALSE
	EndGlobalSection
	GlobalSection(ExtensibilityGlobals) = postSolution
		SolutionGuid = {EAB07B02-B322-4AE4-BF77-31863D61E401}
	EndGlobalSection
EndGlobal
