
Microsoft Visual Studio Solution File, Format Version 12.00
# Visual Studio Version 17
VisualStudioVersion = 17.5.33516.290
MinimumVisualStudioVersion = 10.0.40219.1
Project("{FAE04EC0-301F-11D3-BF4B-00C04F79EFBC}") = "AbstractFactory", "AbstractFactory\AbstractFactory.csproj", "{87A616F1-EB62-4C5C-97BA-E8FB990ABB58}"
EndProject
Global
	GlobalSection(SolutionConfigurationPlatforms) = preSolution
		Debug|Any CPU = Debug|Any CPU
		Release|Any CPU = Release|Any CPU
	EndGlobalSection
	GlobalSection(ProjectConfigurationPlatforms) = postSolution
		{87A616F1-EB62-4C5C-97BA-E8FB990ABB58}.Debug|Any CPU.ActiveCfg = Debug|Any CPU
		{87A616F1-EB62-4C5C-97BA-E8FB990ABB58}.Debug|Any CPU.Build.0 = Debug|Any CPU
		{87A616F1-EB62-4C5C-97BA-E8FB990ABB58}.Release|Any CPU.ActiveCfg = Release|Any CPU
		{87A616F1-EB62-4C5C-97BA-E8FB990ABB58}.Release|Any CPU.Build.0 = Release|Any CPU
	EndGlobalSection
	GlobalSection(SolutionProperties) = preSolution
		HideSolutionNode = FALSE
	EndGlobalSection
	GlobalSection(ExtensibilityGlobals) = postSolution
		SolutionGuid = {88B6566B-D80B-40BC-8D1E-02AC90C7C3FC}
	EndGlobalSection
EndGlobal
